
Microsoft Visual Studio Solution File, Format Version 12.00
# Visual Studio Version 16
VisualStudioVersion = 16.0.32901.82
MinimumVisualStudioVersion = 10.0.40219.1
Project("{FAE04EC0-301F-11D3-BF4B-00C04F79EFBC}") = "ChilinSiloMonitorSystem", "ChillSiloMonitorSystem\ChilinSiloMonitorSystem.csproj", "{4ACDA8B1-C680-4C29-89AD-56E591EDFFA5}"
EndProject
Global
	GlobalSection(SolutionConfigurationPlatforms) = preSolution
		Debug|Any CPU = Debug|Any CPU
		Release|Any CPU = Release|Any CPU
	EndGlobalSection
	GlobalSection(ProjectConfigurationPlatforms) = postSolution
		{4ACDA8B1-C680-4C29-89AD-56E591EDFFA5}.Debug|Any CPU.ActiveCfg = Debug|Any CPU
		{4ACDA8B1-C680-4C29-89AD-56E591EDFFA5}.Debug|Any CPU.Build.0 = Debug|Any CPU
		{4ACDA8B1-C680-4C29-89AD-56E591EDFFA5}.Release|Any CPU.ActiveCfg = Release|Any CPU
		{4ACDA8B1-C680-4C29-89AD-56E591EDFFA5}.Release|Any CPU.Build.0 = Release|Any CPU
	EndGlobalSection
	GlobalSection(SolutionProperties) = preSolution
		HideSolutionNode = FALSE
	EndGlobalSection
	GlobalSection(ExtensibilityGlobals) = postSolution
		SolutionGuid = {F6ED79A9-DC54-4DC5-A78F-4D24A9818C0A}
	EndGlobalSection
EndGlobal
